// !$*UTF8*$!
{
	archiveVersion = 1;
	classes = {
	};
	objectVersion = 46;
	objects = {

/* Begin PBXBuildFile section */
		B10B3E101F39FE3200056E6E /* MainMenu.swift in Sources */ = {isa = PBXBuildFile; fileRef = B10B3E0F1F39FE3200056E6E /* MainMenu.swift */; };
		B11455F11F41E1E500B47BE9 /* fingerTut.sks in Resources */ = {isa = PBXBuildFile; fileRef = B11455F01F41E1E500B47BE9 /* fingerTut.sks */; };
		B11627281F2666A3008F9F21 /* PlayerBoba.swift in Sources */ = {isa = PBXBuildFile; fileRef = B11627271F2666A3008F9F21 /* PlayerBoba.swift */; };
		B11934361F44FBB40042E37A /* coinCollect.mp3 in Resources */ = {isa = PBXBuildFile; fileRef = B11934351F44FBB40042E37A /* coinCollect.mp3 */; };
		B119343C1F4534560042E37A /* Assets.xcassets in Resources */ = {isa = PBXBuildFile; fileRef = B119343A1F4534560042E37A /* Assets.xcassets */; };
		B11934401F4534AB0042E37A /* titleFX.sks in Resources */ = {isa = PBXBuildFile; fileRef = B119343F1F4534AB0042E37A /* titleFX.sks */; };
		B11934421F45405B0042E37A /* extrasScreen.sks in Resources */ = {isa = PBXBuildFile; fileRef = B11934411F45405B0042E37A /* extrasScreen.sks */; };
		B11934441F4542F90042E37A /* extrasScreen.swift in Sources */ = {isa = PBXBuildFile; fileRef = B11934431F4542F90042E37A /* extrasScreen.swift */; };
		B11934461F454DA60042E37A /* storeScreen.sks in Resources */ = {isa = PBXBuildFile; fileRef = B11934451F454DA60042E37A /* storeScreen.sks */; };
		B11934481F4551DD0042E37A /* storeScreen.swift in Sources */ = {isa = PBXBuildFile; fileRef = B11934471F4551DD0042E37A /* storeScreen.swift */; };
		B12192161F2A417C001BF85E /* EnemyBoba.swift in Sources */ = {isa = PBXBuildFile; fileRef = B12192151F2A417C001BF85E /* EnemyBoba.swift */; };
		B134DEEA1F256AB2007FD14A /* AppDelegate.swift in Sources */ = {isa = PBXBuildFile; fileRef = B134DEE91F256AB2007FD14A /* AppDelegate.swift */; };
		B134DEEC1F256AB2007FD14A /* GameScene.sks in Resources */ = {isa = PBXBuildFile; fileRef = B134DEEB1F256AB2007FD14A /* GameScene.sks */; };
		B134DEEE1F256AB2007FD14A /* Actions.sks in Resources */ = {isa = PBXBuildFile; fileRef = B134DEED1F256AB2007FD14A /* Actions.sks */; };
		B134DEF01F256AB2007FD14A /* GameScene.swift in Sources */ = {isa = PBXBuildFile; fileRef = B134DEEF1F256AB2007FD14A /* GameScene.swift */; };
		B134DEF21F256AB2007FD14A /* GameViewController.swift in Sources */ = {isa = PBXBuildFile; fileRef = B134DEF11F256AB2007FD14A /* GameViewController.swift */; };
		B134DEF51F256AB2007FD14A /* Main.storyboard in Resources */ = {isa = PBXBuildFile; fileRef = B134DEF31F256AB2007FD14A /* Main.storyboard */; };
		B134DEF71F256AB2007FD14A /* Assets.xcassets in Resources */ = {isa = PBXBuildFile; fileRef = B134DEF61F256AB2007FD14A /* Assets.xcassets */; };
		B134DEFA1F256AB2007FD14A /* LaunchScreen.storyboard in Resources */ = {isa = PBXBuildFile; fileRef = B134DEF81F256AB2007FD14A /* LaunchScreen.storyboard */; };
		B134DF041F256D81007FD14A /* playerBoba.sks in Resources */ = {isa = PBXBuildFile; fileRef = B134DF031F256D81007FD14A /* playerBoba.sks */; };
		B15E6BBE1F437AB90070B620 /* light.sks in Resources */ = {isa = PBXBuildFile; fileRef = B15E6BBD1F437AB90070B620 /* light.sks */; };
		B194C8A41F4371EA0013F6E5 /* dark.sks in Resources */ = {isa = PBXBuildFile; fileRef = B194C8A31F4371EA0013F6E5 /* dark.sks */; };
		B19DD1F11F390A5E008339B6 /* GameScene2.sks in Resources */ = {isa = PBXBuildFile; fileRef = B19DD1F01F390A5E008339B6 /* GameScene2.sks */; };
		B1A757E21F45CE3700ED48D1 /* menuBG.mp3 in Resources */ = {isa = PBXBuildFile; fileRef = B1A757E11F45CE3700ED48D1 /* menuBG.mp3 */; };
		B1A757E51F46038300ED48D1 /* mellow.mp3 in Resources */ = {isa = PBXBuildFile; fileRef = B1A757E31F46038300ED48D1 /* mellow.mp3 */; };
		B1A757E61F46038300ED48D1 /* menuBGunity.mp3 in Resources */ = {isa = PBXBuildFile; fileRef = B1A757E41F46038300ED48D1 /* menuBGunity.mp3 */; };
		B1B6EA6B1F2B7061004A29D9 /* MSButtonNode.swift in Sources */ = {isa = PBXBuildFile; fileRef = B1B6EA6A1F2B7061004A29D9 /* MSButtonNode.swift */; };
		B1B6EA6D1F2B79DA004A29D9 /* MainMenu.sks in Resources */ = {isa = PBXBuildFile; fileRef = B1B6EA6C1F2B79DA004A29D9 /* MainMenu.sks */; };
		B1C115151F447A8300E3DFC8 /* bobaAbsorb.mp3 in Resources */ = {isa = PBXBuildFile; fileRef = B1C115141F447A8300E3DFC8 /* bobaAbsorb.mp3 */; };
		B1C1151D1F44A0A200E3DFC8 /* bgMusic.mp3 in Resources */ = {isa = PBXBuildFile; fileRef = B1C1151C1F44A0A200E3DFC8 /* bgMusic.mp3 */; };
		B1F5120E1F27D6A500A0D7D8 /* Items.swift in Sources */ = {isa = PBXBuildFile; fileRef = B1F5120D1F27D6A500A0D7D8 /* Items.swift */; };
		B1F512101F27D89000A0D7D8 /* EnemyBoba.sks in Resources */ = {isa = PBXBuildFile; fileRef = B1F5120F1F27D89000A0D7D8 /* EnemyBoba.sks */; };
/* End PBXBuildFile section */

/* Begin PBXFileReference section */
		B10B3E0F1F39FE3200056E6E /* MainMenu.swift */ = {isa = PBXFileReference; fileEncoding = 4; lastKnownFileType = sourcecode.swift; path = MainMenu.swift; sourceTree = "<group>"; };
		B11455F01F41E1E500B47BE9 /* fingerTut.sks */ = {isa = PBXFileReference; lastKnownFileType = file.sks; path = fingerTut.sks; sourceTree = "<group>"; };
		B11627271F2666A3008F9F21 /* PlayerBoba.swift */ = {isa = PBXFileReference; fileEncoding = 4; lastKnownFileType = sourcecode.swift; path = PlayerBoba.swift; sourceTree = "<group>"; };
		B11934351F44FBB40042E37A /* coinCollect.mp3 */ = {isa = PBXFileReference; lastKnownFileType = audio.mp3; path = coinCollect.mp3; sourceTree = "<group>"; };
		B119343A1F4534560042E37A /* Assets.xcassets */ = {isa = PBXFileReference; lastKnownFileType = folder.assetcatalog; path = Assets.xcassets; sourceTree = "<group>"; };
		B119343F1F4534AB0042E37A /* titleFX.sks */ = {isa = PBXFileReference; lastKnownFileType = file.sks; name = titleFX.sks; path = ../titleFX.sks; sourceTree = "<group>"; };
		B11934411F45405B0042E37A /* extrasScreen.sks */ = {isa = PBXFileReference; lastKnownFileType = file.sks; path = extrasScreen.sks; sourceTree = "<group>"; };
		B11934431F4542F90042E37A /* extrasScreen.swift */ = {isa = PBXFileReference; fileEncoding = 4; lastKnownFileType = sourcecode.swift; path = extrasScreen.swift; sourceTree = "<group>"; };
		B11934451F454DA60042E37A /* storeScreen.sks */ = {isa = PBXFileReference; lastKnownFileType = file.sks; path = storeScreen.sks; sourceTree = "<group>"; };
		B11934471F4551DD0042E37A /* storeScreen.swift */ = {isa = PBXFileReference; fileEncoding = 4; lastKnownFileType = sourcecode.swift; path = storeScreen.swift; sourceTree = "<group>"; };
		B12192151F2A417C001BF85E /* EnemyBoba.swift */ = {isa = PBXFileReference; fileEncoding = 4; lastKnownFileType = sourcecode.swift; path = EnemyBoba.swift; sourceTree = "<group>"; };
		B134DEE61F256AB2007FD14A /* boba.app */ = {isa = PBXFileReference; explicitFileType = wrapper.application; includeInIndex = 0; path = boba.app; sourceTree = BUILT_PRODUCTS_DIR; };
		B134DEE91F256AB2007FD14A /* AppDelegate.swift */ = {isa = PBXFileReference; lastKnownFileType = sourcecode.swift; path = AppDelegate.swift; sourceTree = "<group>"; };
		B134DEEB1F256AB2007FD14A /* GameScene.sks */ = {isa = PBXFileReference; lastKnownFileType = file.sks; path = GameScene.sks; sourceTree = "<group>"; };
		B134DEED1F256AB2007FD14A /* Actions.sks */ = {isa = PBXFileReference; lastKnownFileType = file.sks; path = Actions.sks; sourceTree = "<group>"; };
		B134DEEF1F256AB2007FD14A /* GameScene.swift */ = {isa = PBXFileReference; lastKnownFileType = sourcecode.swift; path = GameScene.swift; sourceTree = "<group>"; };
		B134DEF11F256AB2007FD14A /* GameViewController.swift */ = {isa = PBXFileReference; lastKnownFileType = sourcecode.swift; path = GameViewController.swift; sourceTree = "<group>"; };
		B134DEF41F256AB2007FD14A /* Base */ = {isa = PBXFileReference; lastKnownFileType = file.storyboard; name = Base; path = Base.lproj/Main.storyboard; sourceTree = "<group>"; };
		B134DEF61F256AB2007FD14A /* Assets.xcassets */ = {isa = PBXFileReference; lastKnownFileType = folder.assetcatalog; path = Assets.xcassets; sourceTree = "<group>"; };
		B134DEF91F256AB2007FD14A /* Base */ = {isa = PBXFileReference; lastKnownFileType = file.storyboard; name = Base; path = Base.lproj/LaunchScreen.storyboard; sourceTree = "<group>"; };
		B134DEFB1F256AB2007FD14A /* Info.plist */ = {isa = PBXFileReference; lastKnownFileType = text.plist.xml; path = Info.plist; sourceTree = "<group>"; };
		B134DF031F256D81007FD14A /* playerBoba.sks */ = {isa = PBXFileReference; lastKnownFileType = file.sks; name = playerBoba.sks; path = ../playerBoba.sks; sourceTree = "<group>"; };
		B15E6BBD1F437AB90070B620 /* light.sks */ = {isa = PBXFileReference; lastKnownFileType = file.sks; path = light.sks; sourceTree = "<group>"; };
		B194C8A31F4371EA0013F6E5 /* dark.sks */ = {isa = PBXFileReference; lastKnownFileType = file.sks; path = dark.sks; sourceTree = "<group>"; };
		B19DD1F01F390A5E008339B6 /* GameScene2.sks */ = {isa = PBXFileReference; lastKnownFileType = file.sks; path = GameScene2.sks; sourceTree = "<group>"; };
		B1A757E11F45CE3700ED48D1 /* menuBG.mp3 */ = {isa = PBXFileReference; lastKnownFileType = audio.mp3; path = menuBG.mp3; sourceTree = "<group>"; };
		B1A757E31F46038300ED48D1 /* mellow.mp3 */ = {isa = PBXFileReference; lastKnownFileType = audio.mp3; path = mellow.mp3; sourceTree = "<group>"; };
		B1A757E41F46038300ED48D1 /* menuBGunity.mp3 */ = {isa = PBXFileReference; lastKnownFileType = audio.mp3; path = menuBGunity.mp3; sourceTree = "<group>"; };
		B1B2A9E21F461ABC008E2F12 /* Fabric.framework */ = {isa = PBXFileReference; lastKnownFileType = wrapper.framework; path = Fabric.framework; sourceTree = SOURCE_ROOT; };
		B1B6EA6A1F2B7061004A29D9 /* MSButtonNode.swift */ = {isa = PBXFileReference; fileEncoding = 4; lastKnownFileType = sourcecode.swift; name = MSButtonNode.swift; path = boba/MSButtonNode.swift; sourceTree = "<group>"; };
		B1B6EA6C1F2B79DA004A29D9 /* MainMenu.sks */ = {isa = PBXFileReference; lastKnownFileType = file.sks; path = MainMenu.sks; sourceTree = "<group>"; };
		B1C115141F447A8300E3DFC8 /* bobaAbsorb.mp3 */ = {isa = PBXFileReference; lastKnownFileType = audio.mp3; path = bobaAbsorb.mp3; sourceTree = "<group>"; };
		B1C1151C1F44A0A200E3DFC8 /* bgMusic.mp3 */ = {isa = PBXFileReference; lastKnownFileType = audio.mp3; path = bgMusic.mp3; sourceTree = "<group>"; };
		B1F5120D1F27D6A500A0D7D8 /* Items.swift */ = {isa = PBXFileReference; fileEncoding = 4; lastKnownFileType = sourcecode.swift; path = Items.swift; sourceTree = "<group>"; };
		B1F5120F1F27D89000A0D7D8 /* EnemyBoba.sks */ = {isa = PBXFileReference; lastKnownFileType = file.sks; path = EnemyBoba.sks; sourceTree = "<group>"; };
/* End PBXFileReference section */

/* Begin PBXFrameworksBuildPhase section */
		B134DEE31F256AB2007FD14A /* Frameworks */ = {
			isa = PBXFrameworksBuildPhase;
			buildActionMask = 2147483647;
			files = (
			);
			runOnlyForDeploymentPostprocessing = 0;
		};
/* End PBXFrameworksBuildPhase section */

/* Begin PBXGroup section */
		B134DEDD1F256AB2007FD14A = {
			isa = PBXGroup;
			children = (
				B119343A1F4534560042E37A /* Assets.xcassets */,
				B134DEE81F256AB2007FD14A /* boba */,
				B134DEE71F256AB2007FD14A /* Products */,
				B1B6EA6A1F2B7061004A29D9 /* MSButtonNode.swift */,
				B1C115161F447A8900E3DFC8 /* SFX */,
			);
			sourceTree = "<group>";
		};
		B134DEE71F256AB2007FD14A /* Products */ = {
			isa = PBXGroup;
			children = (
				B134DEE61F256AB2007FD14A /* boba.app */,
			);
			name = Products;
			sourceTree = "<group>";
		};
		B134DEE81F256AB2007FD14A /* boba */ = {
			isa = PBXGroup;
			children = (
				B134DEE91F256AB2007FD14A /* AppDelegate.swift */,
				B134DF031F256D81007FD14A /* playerBoba.sks */,
				B134DEEB1F256AB2007FD14A /* GameScene.sks */,
				B11455F01F41E1E500B47BE9 /* fingerTut.sks */,
				B19DD1F01F390A5E008339B6 /* GameScene2.sks */,
				B134DEED1F256AB2007FD14A /* Actions.sks */,
				B1F5120D1F27D6A500A0D7D8 /* Items.swift */,
				B1F5120F1F27D89000A0D7D8 /* EnemyBoba.sks */,
				B134DEEF1F256AB2007FD14A /* GameScene.swift */,
				B10B3E0F1F39FE3200056E6E /* MainMenu.swift */,
				B1B6EA6C1F2B79DA004A29D9 /* MainMenu.sks */,
				B11934411F45405B0042E37A /* extrasScreen.sks */,
				B11934451F454DA60042E37A /* storeScreen.sks */,
				B11934471F4551DD0042E37A /* storeScreen.swift */,
				B11934431F4542F90042E37A /* extrasScreen.swift */,
				B15E6BBD1F437AB90070B620 /* light.sks */,
				B194C8A31F4371EA0013F6E5 /* dark.sks */,
				B119343F1F4534AB0042E37A /* titleFX.sks */,
				B11627271F2666A3008F9F21 /* PlayerBoba.swift */,
				B12192151F2A417C001BF85E /* EnemyBoba.swift */,
				B134DEF11F256AB2007FD14A /* GameViewController.swift */,
				B134DEF31F256AB2007FD14A /* Main.storyboard */,
				B134DEF61F256AB2007FD14A /* Assets.xcassets */,
				B134DEF81F256AB2007FD14A /* LaunchScreen.storyboard */,
				B134DEFB1F256AB2007FD14A /* Info.plist */,
			);
			path = boba;
			sourceTree = "<group>";
		};
		B1C115161F447A8900E3DFC8 /* SFX */ = {
			isa = PBXGroup;
			children = (
				B1C115141F447A8300E3DFC8 /* bobaAbsorb.mp3 */,
				B1C1151C1F44A0A200E3DFC8 /* bgMusic.mp3 */,
				B11934351F44FBB40042E37A /* coinCollect.mp3 */,
				B1A757E31F46038300ED48D1 /* mellow.mp3 */,
				B1A757E41F46038300ED48D1 /* menuBGunity.mp3 */,
				B1A757E11F45CE3700ED48D1 /* menuBG.mp3 */,
			);
			name = SFX;
			sourceTree = "<group>";
		};
/* End PBXGroup section */

/* Begin PBXNativeTarget section */
		B134DEE51F256AB2007FD14A /* boba */ = {
			isa = PBXNativeTarget;
			buildConfigurationList = B134DEFE1F256AB2007FD14A /* Build configuration list for PBXNativeTarget "boba" */;
			buildPhases = (
				B134DEE21F256AB2007FD14A /* Sources */,
				B134DEE31F256AB2007FD14A /* Frameworks */,
				B134DEE41F256AB2007FD14A /* Resources */,
			);
			buildRules = (
			);
			dependencies = (
			);
			name = boba;
			productName = boba;
			productReference = B134DEE61F256AB2007FD14A /* boba.app */;
			productType = "com.apple.product-type.application";
		};
/* End PBXNativeTarget section */

/* Begin PBXProject section */
		B134DEDE1F256AB2007FD14A /* Project object */ = {
			isa = PBXProject;
			attributes = {
				LastSwiftUpdateCheck = 0830;
				LastUpgradeCheck = 0830;
				ORGANIZATIONNAME = "Tracy Ma";
				TargetAttributes = {
					B134DEE51F256AB2007FD14A = {
						CreatedOnToolsVersion = 8.3.3;
						DevelopmentTeam = 7T4QL9QUEX;
						ProvisioningStyle = Automatic;
					};
				};
			};
			buildConfigurationList = B134DEE11F256AB2007FD14A /* Build configuration list for PBXProject "boba" */;
			compatibilityVersion = "Xcode 3.2";
			developmentRegion = English;
			hasScannedForEncodings = 0;
			knownRegions = (
				en,
				Base,
			);
			mainGroup = B134DEDD1F256AB2007FD14A;
			productRefGroup = B134DEE71F256AB2007FD14A /* Products */;
			projectDirPath = "";
			projectRoot = "";
			targets = (
				B134DEE51F256AB2007FD14A /* boba */,
			);
		};
/* End PBXProject section */

/* Begin PBXResourcesBuildPhase section */
		B134DEE41F256AB2007FD14A /* Resources */ = {
			isa = PBXResourcesBuildPhase;
			buildActionMask = 2147483647;
			files = (
				B11934421F45405B0042E37A /* extrasScreen.sks in Resources */,
				B11934461F454DA60042E37A /* storeScreen.sks in Resources */,
				B11455F11F41E1E500B47BE9 /* fingerTut.sks in Resources */,
				B134DEF51F256AB2007FD14A /* Main.storyboard in Resources */,
				B1A757E51F46038300ED48D1 /* mellow.mp3 in Resources */,
				B11934401F4534AB0042E37A /* titleFX.sks in Resources */,
				B1C1151D1F44A0A200E3DFC8 /* bgMusic.mp3 in Resources */,
				B134DEEC1F256AB2007FD14A /* GameScene.sks in Resources */,
				B134DEF71F256AB2007FD14A /* Assets.xcassets in Resources */,
				B134DEFA1F256AB2007FD14A /* LaunchScreen.storyboard in Resources */,
				B1A757E61F46038300ED48D1 /* menuBGunity.mp3 in Resources */,
				B119343C1F4534560042E37A /* Assets.xcassets in Resources */,
				B1A757E21F45CE3700ED48D1 /* menuBG.mp3 in Resources */,
				B1F512101F27D89000A0D7D8 /* EnemyBoba.sks in Resources */,
				B194C8A41F4371EA0013F6E5 /* dark.sks in Resources */,
				B1B6EA6D1F2B79DA004A29D9 /* MainMenu.sks in Resources */,
				B1C115151F447A8300E3DFC8 /* bobaAbsorb.mp3 in Resources */,
				B134DF041F256D81007FD14A /* playerBoba.sks in Resources */,
				B134DEEE1F256AB2007FD14A /* Actions.sks in Resources */,
				B19DD1F11F390A5E008339B6 /* GameScene2.sks in Resources */,
				B11934361F44FBB40042E37A /* coinCollect.mp3 in Resources */,
				B15E6BBE1F437AB90070B620 /* light.sks in Resources */,
			);
			runOnlyForDeploymentPostprocessing = 0;
		};
/* End PBXResourcesBuildPhase section */

/* Begin PBXSourcesBuildPhase section */
		B134DEE21F256AB2007FD14A /* Sources */ = {
			isa = PBXSourcesBuildPhase;
			buildActionMask = 2147483647;
			files = (
				B11627281F2666A3008F9F21 /* PlayerBoba.swift in Sources */,
				B1F5120E1F27D6A500A0D7D8 /* Items.swift in Sources */,
				B12192161F2A417C001BF85E /* EnemyBoba.swift in Sources */,
				B11934481F4551DD0042E37A /* storeScreen.swift in Sources */,
				B10B3E101F39FE3200056E6E /* MainMenu.swift in Sources */,
				B1B6EA6B1F2B7061004A29D9 /* MSButtonNode.swift in Sources */,
				B134DEF01F256AB2007FD14A /* GameScene.swift in Sources */,
				B134DEF21F256AB2007FD14A /* GameViewController.swift in Sources */,
				B134DEEA1F256AB2007FD14A /* AppDelegate.swift in Sources */,
				B11934441F4542F90042E37A /* extrasScreen.swift in Sources */,
			);
			runOnlyForDeploymentPostprocessing = 0;
		};
/* End PBXSourcesBuildPhase section */

/* Begin PBXVariantGroup section */
		B134DEF31F256AB2007FD14A /* Main.storyboard */ = {
			isa = PBXVariantGroup;
			children = (
				B134DEF41F256AB2007FD14A /* Base */,
			);
			name = Main.storyboard;
			sourceTree = "<group>";
		};
		B134DEF81F256AB2007FD14A /* LaunchScreen.storyboard */ = {
			isa = PBXVariantGroup;
			children = (
				B134DEF91F256AB2007FD14A /* Base */,
			);
			name = LaunchScreen.storyboard;
			sourceTree = "<group>";
		};
/* End PBXVariantGroup section */

/* Begin XCBuildConfiguration section */
		B134DEFC1F256AB2007FD14A /* Debug */ = {
			isa = XCBuildConfiguration;
			buildSettings = {
				ALWAYS_SEARCH_USER_PATHS = NO;
				CLANG_ANALYZER_NONNULL = YES;
				CLANG_ANALYZER_NUMBER_OBJECT_CONVERSION = YES_AGGRESSIVE;
				CLANG_CXX_LANGUAGE_STANDARD = "gnu++0x";
				CLANG_CXX_LIBRARY = "libc++";
				CLANG_ENABLE_MODULES = YES;
				CLANG_ENABLE_OBJC_ARC = YES;
				CLANG_WARN_BOOL_CONVERSION = YES;
				CLANG_WARN_CONSTANT_CONVERSION = YES;
				CLANG_WARN_DIRECT_OBJC_ISA_USAGE = YES_ERROR;
				CLANG_WARN_DOCUMENTATION_COMMENTS = YES;
				CLANG_WARN_EMPTY_BODY = YES;
				CLANG_WARN_ENUM_CONVERSION = YES;
				CLANG_WARN_INFINITE_RECURSION = YES;
				CLANG_WARN_INT_CONVERSION = YES;
				CLANG_WARN_OBJC_ROOT_CLASS = YES_ERROR;
				CLANG_WARN_SUSPICIOUS_MOVE = YES;
				CLANG_WARN_UNREACHABLE_CODE = YES;
				CLANG_WARN__DUPLICATE_METHOD_MATCH = YES;
				"CODE_SIGN_IDENTITY[sdk=iphoneos*]" = "iPhone Developer";
				COPY_PHASE_STRIP = NO;
				DEBUG_INFORMATION_FORMAT = dwarf;
				ENABLE_STRICT_OBJC_MSGSEND = YES;
				ENABLE_TESTABILITY = YES;
				GCC_C_LANGUAGE_STANDARD = gnu99;
				GCC_DYNAMIC_NO_PIC = NO;
				GCC_NO_COMMON_BLOCKS = YES;
				GCC_OPTIMIZATION_LEVEL = 0;
				GCC_PREPROCESSOR_DEFINITIONS = (
					"DEBUG=1",
					"$(inherited)",
				);
				GCC_WARN_64_TO_32_BIT_CONVERSION = YES;
				GCC_WARN_ABOUT_RETURN_TYPE = YES_ERROR;
				GCC_WARN_UNDECLARED_SELECTOR = YES;
				GCC_WARN_UNINITIALIZED_AUTOS = YES_AGGRESSIVE;
				GCC_WARN_UNUSED_FUNCTION = YES;
				GCC_WARN_UNUSED_VARIABLE = YES;
				IPHONEOS_DEPLOYMENT_TARGET = 10.3;
				MTL_ENABLE_DEBUG_INFO = YES;
				ONLY_ACTIVE_ARCH = YES;
				SDKROOT = iphoneos;
				SWIFT_ACTIVE_COMPILATION_CONDITIONS = DEBUG;
				SWIFT_OPTIMIZATION_LEVEL = "-Onone";
			};
			name = Debug;
		};
		B134DEFD1F256AB2007FD14A /* Release */ = {
			isa = XCBuildConfiguration;
			buildSettings = {
				ALWAYS_SEARCH_USER_PATHS = NO;
				CLANG_ANALYZER_NONNULL = YES;
				CLANG_ANALYZER_NUMBER_OBJECT_CONVERSION = YES_AGGRESSIVE;
				CLANG_CXX_LANGUAGE_STANDARD = "gnu++0x";
				CLANG_CXX_LIBRARY = "libc++";
				CLANG_ENABLE_MODULES = YES;
				CLANG_ENABLE_OBJC_ARC = YES;
				CLANG_WARN_BOOL_CONVERSION = YES;
				CLANG_WARN_CONSTANT_CONVERSION = YES;
				CLANG_WARN_DIRECT_OBJC_ISA_USAGE = YES_ERROR;
				CLANG_WARN_DOCUMENTATION_COMMENTS = YES;
				CLANG_WARN_EMPTY_BODY = YES;
				CLANG_WARN_ENUM_CONVERSION = YES;
				CLANG_WARN_INFINITE_RECURSION = YES;
				CLANG_WARN_INT_CONVERSION = YES;
				CLANG_WARN_OBJC_ROOT_CLASS = YES_ERROR;
				CLANG_WARN_SUSPICIOUS_MOVE = YES;
				CLANG_WARN_UNREACHABLE_CODE = YES;
				CLANG_WARN__DUPLICATE_METHOD_MATCH = YES;
				"CODE_SIGN_IDENTITY[sdk=iphoneos*]" = "iPhone Developer";
				COPY_PHASE_STRIP = NO;
				DEBUG_INFORMATION_FORMAT = "dwarf-with-dsym";
				ENABLE_NS_ASSERTIONS = NO;
				ENABLE_STRICT_OBJC_MSGSEND = YES;
				GCC_C_LANGUAGE_STANDARD = gnu99;
				GCC_NO_COMMON_BLOCKS = YES;
				GCC_WARN_64_TO_32_BIT_CONVERSION = YES;
				GCC_WARN_ABOUT_RETURN_TYPE = YES_ERROR;
				GCC_WARN_UNDECLARED_SELECTOR = YES;
				GCC_WARN_UNINITIALIZED_AUTOS = YES_AGGRESSIVE;
				GCC_WARN_UNUSED_FUNCTION = YES;
				GCC_WARN_UNUSED_VARIABLE = YES;
				IPHONEOS_DEPLOYMENT_TARGET = 10.3;
				MTL_ENABLE_DEBUG_INFO = NO;
				SDKROOT = iphoneos;
				SWIFT_OPTIMIZATION_LEVEL = "-Owholemodule";
				VALIDATE_PRODUCT = YES;
			};
			name = Release;
		};
		B134DEFF1F256AB2007FD14A /* Debug */ = {
			isa = XCBuildConfiguration;
			buildSettings = {
				ASSETCATALOG_COMPILER_APPICON_NAME = AppIcon;
				DEVELOPMENT_TEAM = 7T4QL9QUEX;
				FRAMEWORK_SEARCH_PATHS = (
					"$(inherited)",
					"$(PROJECT_DIR)",
				);
				INFOPLIST_FILE = boba/Info.plist;
				LD_RUNPATH_SEARCH_PATHS = "$(inherited) @executable_path/Frameworks";
				PRODUCT_BUNDLE_IDENTIFIER = "Make-School.boba";
				PRODUCT_NAME = "$(TARGET_NAME)";
				SWIFT_VERSION = 3.0;
			};
			name = Debug;
		};
		B134DF001F256AB2007FD14A /* Release */ = {
			isa = XCBuildConfiguration;
			buildSettings = {
				ASSETCATALOG_COMPILER_APPICON_NAME = AppIcon;
				DEVELOPMENT_TEAM = 7T4QL9QUEX;
				FRAMEWORK_SEARCH_PATHS = (
					"$(inherited)",
					"$(PROJECT_DIR)",
				);
				INFOPLIST_FILE = boba/Info.plist;
				LD_RUNPATH_SEARCH_PATHS = "$(inherited) @executable_path/Frameworks";
				PRODUCT_BUNDLE_IDENTIFIER = "Make-School.boba";
				PRODUCT_NAME = "$(TARGET_NAME)";
				SWIFT_VERSION = 3.0;
			};
			name = Release;
		};
/* End XCBuildConfiguration section */

/* Begin XCConfigurationList section */
		B134DEE11F256AB2007FD14A /* Build configuration list for PBXProject "boba" */ = {
			isa = XCConfigurationList;
			buildConfigurations = (
				B134DEFC1F256AB2007FD14A /* Debug */,
				B134DEFD1F256AB2007FD14A /* Release */,
			);
			defaultConfigurationIsVisible = 0;
			defaultConfigurationName = Release;
		};
		B134DEFE1F256AB2007FD14A /* Build configuration list for PBXNativeTarget "boba" */ = {
			isa = XCConfigurationList;
			buildConfigurations = (
				B134DEFF1F256AB2007FD14A /* Debug */,
				B134DF001F256AB2007FD14A /* Release */,
			);
			defaultConfigurationIsVisible = 0;
			defaultConfigurationName = Release;
		};
/* End XCConfigurationList section */
	};
	rootObject = B134DEDE1F256AB2007FD14A /* Project object */;
}
