// !$*UTF8*$!
{
	archiveVersion = 1;
	classes = {
	};
	objectVersion = 46;
	objects = {

/* Begin PBXBuildFile section */
		B134DEEA1F256AB2007FD14A /* AppDelegate.swift in Sources */ = {isa = PBXBuildFile; fileRef = B134DEE91F256AB2007FD14A /* AppDelegate.swift */; };
		B134DEEC1F256AB2007FD14A /* GameScene.sks in Resources */ = {isa = PBXBuildFile; fileRef = B134DEEB1F256AB2007FD14A /* GameScene.sks */; };
		B134DEEE1F256AB2007FD14A /* Actions.sks in Resources */ = {isa = PBXBuildFile; fileRef = B134DEED1F256AB2007FD14A /* Actions.sks */; };
		B134DEF01F256AB2007FD14A /* GameScene.swift in Sources */ = {isa = PBXBuildFile; fileRef = B134DEEF1F256AB2007FD14A /* GameScene.swift */; };
		B134DEF21F256AB2007FD14A /* GameViewController.swift in Sources */ = {isa = PBXBuildFile; fileRef = B134DEF11F256AB2007FD14A /* GameViewController.swift */; };
		B134DEF51F256AB2007FD14A /* Main.storyboard in Resources */ = {isa = PBXBuildFile; fileRef = B134DEF31F256AB2007FD14A /* Main.storyboard */; };
		B134DEF71F256AB2007FD14A /* Assets.xcassets in Resources */ = {isa = PBXBuildFile; fileRef = B134DEF61F256AB2007FD14A /* Assets.xcassets */; };
		B134DEFA1F256AB2007FD14A /* LaunchScreen.storyboard in Resources */ = {isa = PBXBuildFile; fileRef = B134DEF81F256AB2007FD14A /* LaunchScreen.storyboard */; };
		B134DF041F256D81007FD14A /* playerBoba.sks in Resources */ = {isa = PBXBuildFile; fileRef = B134DF031F256D81007FD14A /* playerBoba.sks */; };
/* End PBXBuildFile section */

/* Begin PBXFileReference section */
		B134DEE61F256AB2007FD14A /* boba.app */ = {isa = PBXFileReference; explicitFileType = wrapper.application; includeInIndex = 0; path = boba.app; sourceTree = BUILT_PRODUCTS_DIR; };
		B134DEE91F256AB2007FD14A /* AppDelegate.swift */ = {isa = PBXFileReference; lastKnownFileType = sourcecode.swift; path = AppDelegate.swift; sourceTree = "<group>"; };
		B134DEEB1F256AB2007FD14A /* GameScene.sks */ = {isa = PBXFileReference; lastKnownFileType = file.sks; path = GameScene.sks; sourceTree = "<group>"; };
		B134DEED1F256AB2007FD14A /* Actions.sks */ = {isa = PBXFileReference; lastKnownFileType = file.sks; path = Actions.sks; sourceTree = "<group>"; };
		B134DEEF1F256AB2007FD14A /* GameScene.swift */ = {isa = PBXFileReference; lastKnownFileType = sourcecode.swift; path = GameScene.swift; sourceTree = "<group>"; };
		B134DEF11F256AB2007FD14A /* GameViewController.swift */ = {isa = PBXFileReference; lastKnownFileType = sourcecode.swift; path = GameViewController.swift; sourceTree = "<group>"; };
		B134DEF41F256AB2007FD14A /* Base */ = {isa = PBXFileReference; lastKnownFileType = file.storyboard; name = Base; path = Base.lproj/Main.storyboard; sourceTree = "<group>"; };
		B134DEF61F256AB2007FD14A /* Assets.xcassets */ = {isa = PBXFileReference; lastKnownFileType = folder.assetcatalog; path = Assets.xcassets; sourceTree = "<group>"; };
		B134DEF91F256AB2007FD14A /* Base */ = {isa = PBXFileReference; lastKnownFileType = file.storyboard; name = Base; path = Base.lproj/LaunchScreen.storyboard; sourceTree = "<group>"; };
		B134DEFB1F256AB2007FD14A /* Info.plist */ = {isa = PBXFileReference; lastKnownFileType = text.plist.xml; path = Info.plist; sourceTree = "<group>"; };
		B134DF031F256D81007FD14A /* playerBoba.sks */ = {isa = PBXFileReference; lastKnownFileType = file.sks; name = playerBoba.sks; path = ../playerBoba.sks; sourceTree = "<group>"; };
/* End PBXFileReference section */

/* Begin PBXFrameworksBuildPhase section */
		B134DEE31F256AB2007FD14A /* Frameworks */ = {
			isa = PBXFrameworksBuildPhase;
			buildActionMask = 2147483647;
			files = (
			);
			runOnlyForDeploymentPostprocessing = 0;
		};
/* End PBXFrameworksBuildPhase section */

/* Begin PBXGroup section */
		B134DEDD1F256AB2007FD14A = {
			isa = PBXGroup;
			children = (
				B134DEE81F256AB2007FD14A /* boba */,
				B134DEE71F256AB2007FD14A /* Products */,
			);
			sourceTree = "<group>";
		};
		B134DEE71F256AB2007FD14A /* Products */ = {
			isa = PBXGroup;
			children = (
				B134DEE61F256AB2007FD14A /* boba.app */,
			);
			name = Products;
			sourceTree = "<group>";
		};
		B134DEE81F256AB2007FD14A /* boba */ = {
			isa = PBXGroup;
			children = (
				B134DEE91F256AB2007FD14A /* AppDelegate.swift */,
				B134DF031F256D81007FD14A /* playerBoba.sks */,
				B134DEEB1F256AB2007FD14A /* GameScene.sks */,
				B134DEED1F256AB2007FD14A /* Actions.sks */,
				B134DEEF1F256AB2007FD14A /* GameScene.swift */,
				B134DEF11F256AB2007FD14A /* GameViewController.swift */,
				B134DEF31F256AB2007FD14A /* Main.storyboard */,
				B134DEF61F256AB2007FD14A /* Assets.xcassets */,
				B134DEF81F256AB2007FD14A /* LaunchScreen.storyboard */,
				B134DEFB1F256AB2007FD14A /* Info.plist */,
			);
			path = boba;
			sourceTree = "<group>";
		};
/* End PBXGroup section */

/* Begin PBXNativeTarget section */
		B134DEE51F256AB2007FD14A /* boba */ = {
			isa = PBXNativeTarget;
			buildConfigurationList = B134DEFE1F256AB2007FD14A /* Build configuration list for PBXNativeTarget "boba" */;
			buildPhases = (
				B134DEE21F256AB2007FD14A /* Sources */,
				B134DEE31F256AB2007FD14A /* Frameworks */,
				B134DEE41F256AB2007FD14A /* Resources */,
			);
			buildRules = (
			);
			dependencies = (
			);
			name = boba;
			productName = boba;
			productReference = B134DEE61F256AB2007FD14A /* boba.app */;
			productType = "com.apple.product-type.application";
		};
/* End PBXNativeTarget section */

/* Begin PBXProject section */
		B134DEDE1F256AB2007FD14A /* Project object */ = {
			isa = PBXProject;
			attributes = {
				LastSwiftUpdateCheck = 0830;
				LastUpgradeCheck = 0830;
				ORGANIZATIONNAME = "Tracy Ma";
				TargetAttributes = {
					B134DEE51F256AB2007FD14A = {
						CreatedOnToolsVersion = 8.3.3;
						DevelopmentTeam = 7T4QL9QUEX;
						ProvisioningStyle = Automatic;
					};
				};
			};
			buildConfigurationList = B134DEE11F256AB2007FD14A /* Build configuration list for PBXProject "boba" */;
			compatibilityVersion = "Xcode 3.2";
			developmentRegion = English;
			hasScannedForEncodings = 0;
			knownRegions = (
				en,
				Base,
			);
			mainGroup = B134DEDD1F256AB2007FD14A;
			productRefGroup = B134DEE71F256AB2007FD14A /* Products */;
			projectDirPath = "";
			projectRoot = "";
			targets = (
				B134DEE51F256AB2007FD14A /* boba */,
			);
		};
/* End PBXProject section */

/* Begin PBXResourcesBuildPhase section */
		B134DEE41F256AB2007FD14A /* Resources */ = {
			isa = PBXResourcesBuildPhase;
			buildActionMask = 2147483647;
			files = (
				B134DEF51F256AB2007FD14A /* Main.storyboard in Resources */,
				B134DEEC1F256AB2007FD14A /* GameScene.sks in Resources */,
				B134DEF71F256AB2007FD14A /* Assets.xcassets in Resources */,
				B134DEFA1F256AB2007FD14A /* LaunchScreen.storyboard in Resources */,
				B134DF041F256D81007FD14A /* playerBoba.sks in Resources */,
				B134DEEE1F256AB2007FD14A /* Actions.sks in Resources */,
			);
			runOnlyForDeploymentPostprocessing = 0;
		};
/* End PBXResourcesBuildPhase section */

/* Begin PBXSourcesBuildPhase section */
		B134DEE21F256AB2007FD14A /* Sources */ = {
			isa = PBXSourcesBuildPhase;
			buildActionMask = 2147483647;
			files = (
				B134DEF01F256AB2007FD14A /* GameScene.swift in Sources */,
				B134DEF21F256AB2007FD14A /* GameViewController.swift in Sources */,
				B134DEEA1F256AB2007FD14A /* AppDelegate.swift in Sources */,
			);
			runOnlyForDeploymentPostprocessing = 0;
		};
/* End PBXSourcesBuildPhase section */

/* Begin PBXVariantGroup section */
		B134DEF31F256AB2007FD14A /* Main.storyboard */ = {
			isa = PBXVariantGroup;
			children = (
				B134DEF41F256AB2007FD14A /* Base */,
			);
			name = Main.storyboard;
			sourceTree = "<group>";
		};
		B134DEF81F256AB2007FD14A /* LaunchScreen.storyboard */ = {
			isa = PBXVariantGroup;
			children = (
				B134DEF91F256AB2007FD14A /* Base */,
			);
			name = LaunchScreen.storyboard;
			sourceTree = "<group>";
		};
/* End PBXVariantGroup section */

/* Begin XCBuildConfiguration section */
		B134DEFC1F256AB2007FD14A /* Debug */ = {
			isa = XCBuildConfiguration;
			buildSettings = {
				ALWAYS_SEARCH_USER_PATHS = NO;
				CLANG_ANALYZER_NONNULL = YES;
				CLANG_ANALYZER_NUMBER_OBJECT_CONVERSION = YES_AGGRESSIVE;
				CLANG_CXX_LANGUAGE_STANDARD = "gnu++0x";
				CLANG_CXX_LIBRARY = "libc++";
				CLANG_ENABLE_MODULES = YES;
				CLANG_ENABLE_OBJC_ARC = YES;
				CLANG_WARN_BOOL_CONVERSION = YES;
				CLANG_WARN_CONSTANT_CONVERSION = YES;
				CLANG_WARN_DIRECT_OBJC_ISA_USAGE = YES_ERROR;
				CLANG_WARN_DOCUMENTATION_COMMENTS = YES;
				CLANG_WARN_EMPTY_BODY = YES;
				CLANG_WARN_ENUM_CONVERSION = YES;
				CLANG_WARN_INFINITE_RECURSION = YES;
				CLANG_WARN_INT_CONVERSION = YES;
				CLANG_WARN_OBJC_ROOT_CLASS = YES_ERROR;
				CLANG_WARN_SUSPICIOUS_MOVE = YES;
				CLANG_WARN_UNREACHABLE_CODE = YES;
				CLANG_WARN__DUPLICATE_METHOD_MATCH = YES;
				"CODE_SIGN_IDENTITY[sdk=iphoneos*]" = "iPhone Developer";
				COPY_PHASE_STRIP = NO;
				DEBUG_INFORMATION_FORMAT = dwarf;
				ENABLE_STRICT_OBJC_MSGSEND = YES;
				ENABLE_TESTABILITY = YES;
				GCC_C_LANGUAGE_STANDARD = gnu99;
				GCC_DYNAMIC_NO_PIC = NO;
				GCC_NO_COMMON_BLOCKS = YES;
				GCC_OPTIMIZATION_LEVEL = 0;
				GCC_PREPROCESSOR_DEFINITIONS = (
					"DEBUG=1",
					"$(inherited)",
				);
				GCC_WARN_64_TO_32_BIT_CONVERSION = YES;
				GCC_WARN_ABOUT_RETURN_TYPE = YES_ERROR;
				GCC_WARN_UNDECLARED_SELECTOR = YES;
				GCC_WARN_UNINITIALIZED_AUTOS = YES_AGGRESSIVE;
				GCC_WARN_UNUSED_FUNCTION = YES;
				GCC_WARN_UNUSED_VARIABLE = YES;
				IPHONEOS_DEPLOYMENT_TARGET = 10.3;
				MTL_ENABLE_DEBUG_INFO = YES;
				ONLY_ACTIVE_ARCH = YES;
				SDKROOT = iphoneos;
				SWIFT_ACTIVE_COMPILATION_CONDITIONS = DEBUG;
				SWIFT_OPTIMIZATION_LEVEL = "-Onone";
			};
			name = Debug;
		};
		B134DEFD1F256AB2007FD14A /* Release */ = {
			isa = XCBuildConfiguration;
			buildSettings = {
				ALWAYS_SEARCH_USER_PATHS = NO;
				CLANG_ANALYZER_NONNULL = YES;
				CLANG_ANALYZER_NUMBER_OBJECT_CONVERSION = YES_AGGRESSIVE;
				CLANG_CXX_LANGUAGE_STANDARD = "gnu++0x";
				CLANG_CXX_LIBRARY = "libc++";
				CLANG_ENABLE_MODULES = YES;
				CLANG_ENABLE_OBJC_ARC = YES;
				CLANG_WARN_BOOL_CONVERSION = YES;
				CLANG_WARN_CONSTANT_CONVERSION = YES;
				CLANG_WARN_DIRECT_OBJC_ISA_USAGE = YES_ERROR;
				CLANG_WARN_DOCUMENTATION_COMMENTS = YES;
				CLANG_WARN_EMPTY_BODY = YES;
				CLANG_WARN_ENUM_CONVERSION = YES;
				CLANG_WARN_INFINITE_RECURSION = YES;
				CLANG_WARN_INT_CONVERSION = YES;
				CLANG_WARN_OBJC_ROOT_CLASS = YES_ERROR;
				CLANG_WARN_SUSPICIOUS_MOVE = YES;
				CLANG_WARN_UNREACHABLE_CODE = YES;
				CLANG_WARN__DUPLICATE_METHOD_MATCH = YES;
				"CODE_SIGN_IDENTITY[sdk=iphoneos*]" = "iPhone Developer";
				COPY_PHASE_STRIP = NO;
				DEBUG_INFORMATION_FORMAT = "dwarf-with-dsym";
				ENABLE_NS_ASSERTIONS = NO;
				ENABLE_STRICT_OBJC_MSGSEND = YES;
				GCC_C_LANGUAGE_STANDARD = gnu99;
				GCC_NO_COMMON_BLOCKS = YES;
				GCC_WARN_64_TO_32_BIT_CONVERSION = YES;
				GCC_WARN_ABOUT_RETURN_TYPE = YES_ERROR;
				GCC_WARN_UNDECLARED_SELECTOR = YES;
				GCC_WARN_UNINITIALIZED_AUTOS = YES_AGGRESSIVE;
				GCC_WARN_UNUSED_FUNCTION = YES;
				GCC_WARN_UNUSED_VARIABLE = YES;
				IPHONEOS_DEPLOYMENT_TARGET = 10.3;
				MTL_ENABLE_DEBUG_INFO = NO;
				SDKROOT = iphoneos;
				SWIFT_OPTIMIZATION_LEVEL = "-Owholemodule";
				VALIDATE_PRODUCT = YES;
			};
			name = Release;
		};
		B134DEFF1F256AB2007FD14A /* Debug */ = {
			isa = XCBuildConfiguration;
			buildSettings = {
				ASSETCATALOG_COMPILER_APPICON_NAME = AppIcon;
				DEVELOPMENT_TEAM = 7T4QL9QUEX;
				INFOPLIST_FILE = boba/Info.plist;
				LD_RUNPATH_SEARCH_PATHS = "$(inherited) @executable_path/Frameworks";
				PRODUCT_BUNDLE_IDENTIFIER = "Make-School.boba";
				PRODUCT_NAME = "$(TARGET_NAME)";
				SWIFT_VERSION = 3.0;
			};
			name = Debug;
		};
		B134DF001F256AB2007FD14A /* Release */ = {
			isa = XCBuildConfiguration;
			buildSettings = {
				ASSETCATALOG_COMPILER_APPICON_NAME = AppIcon;
				DEVELOPMENT_TEAM = 7T4QL9QUEX;
				INFOPLIST_FILE = boba/Info.plist;
				LD_RUNPATH_SEARCH_PATHS = "$(inherited) @executable_path/Frameworks";
				PRODUCT_BUNDLE_IDENTIFIER = "Make-School.boba";
				PRODUCT_NAME = "$(TARGET_NAME)";
				SWIFT_VERSION = 3.0;
			};
			name = Release;
		};
/* End XCBuildConfiguration section */

/* Begin XCConfigurationList section */
		B134DEE11F256AB2007FD14A /* Build configuration list for PBXProject "boba" */ = {
			isa = XCConfigurationList;
			buildConfigurations = (
				B134DEFC1F256AB2007FD14A /* Debug */,
				B134DEFD1F256AB2007FD14A /* Release */,
			);
			defaultConfigurationIsVisible = 0;
			defaultConfigurationName = Release;
		};
		B134DEFE1F256AB2007FD14A /* Build configuration list for PBXNativeTarget "boba" */ = {
			isa = XCConfigurationList;
			buildConfigurations = (
				B134DEFF1F256AB2007FD14A /* Debug */,
				B134DF001F256AB2007FD14A /* Release */,
			);
			defaultConfigurationIsVisible = 0;
			defaultConfigurationName = Release;
		};
/* End XCConfigurationList section */
	};
	rootObject = B134DEDE1F256AB2007FD14A /* Project object */;
}
